
Microsoft Visual Studio Solution File, Format Version 12.00
# Visual Studio Version 17
VisualStudioVersion = 17.7.34031.279
MinimumVisualStudioVersion = 10.0.40219.1
Project("{FAE04EC0-301F-11D3-BF4B-00C04F79EFBC}") = "Routed_Events", "Routed_Events\Routed_Events.csproj", "{79281E42-D0F3-40CA-AAF9-8E4180290558}"
EndProject
Global
	GlobalSection(SolutionConfigurationPlatforms) = preSolution
		Debug|Any CPU = Debug|Any CPU
		Release|Any CPU = Release|Any CPU
	EndGlobalSection
	GlobalSection(ProjectConfigurationPlatforms) = postSolution
		{79281E42-D0F3-40CA-AAF9-8E4180290558}.Debug|Any CPU.ActiveCfg = Debug|Any CPU
		{79281E42-D0F3-40CA-AAF9-8E4180290558}.Debug|Any CPU.Build.0 = Debug|Any CPU
		{79281E42-D0F3-40CA-AAF9-8E4180290558}.Release|Any CPU.ActiveCfg = Release|Any CPU
		{79281E42-D0F3-40CA-AAF9-8E4180290558}.Release|Any CPU.Build.0 = Release|Any CPU
	EndGlobalSection
	GlobalSection(SolutionProperties) = preSolution
		HideSolutionNode = FALSE
	EndGlobalSection
	GlobalSection(ExtensibilityGlobals) = postSolution
		SolutionGuid = {E93F361E-0E86-4B8C-935B-548D4900D562}
	EndGlobalSection
EndGlobal
