
Microsoft Visual Studio Solution File, Format Version 12.00
# Visual Studio Version 17
VisualStudioVersion = 17.7.34031.279
MinimumVisualStudioVersion = 10.0.40219.1
Project("{FAE04EC0-301F-11D3-BF4B-00C04F79EFBC}") = "Data-Template", "Data-Template\Data-Template.csproj", "{C545B23D-1D41-456B-A2CB-A2C6FFA6D617}"
EndProject
Global
	GlobalSection(SolutionConfigurationPlatforms) = preSolution
		Debug|Any CPU = Debug|Any CPU
		Release|Any CPU = Release|Any CPU
	EndGlobalSection
	GlobalSection(ProjectConfigurationPlatforms) = postSolution
		{C545B23D-1D41-456B-A2CB-A2C6FFA6D617}.Debug|Any CPU.ActiveCfg = Debug|Any CPU
		{C545B23D-1D41-456B-A2CB-A2C6FFA6D617}.Debug|Any CPU.Build.0 = Debug|Any CPU
		{C545B23D-1D41-456B-A2CB-A2C6FFA6D617}.Release|Any CPU.ActiveCfg = Release|Any CPU
		{C545B23D-1D41-456B-A2CB-A2C6FFA6D617}.Release|Any CPU.Build.0 = Release|Any CPU
	EndGlobalSection
	GlobalSection(SolutionProperties) = preSolution
		HideSolutionNode = FALSE
	EndGlobalSection
	GlobalSection(ExtensibilityGlobals) = postSolution
		SolutionGuid = {B60A6268-A5D8-482A-8BDD-43107569C781}
	EndGlobalSection
EndGlobal
