
Microsoft Visual Studio Solution File, Format Version 12.00
# Visual Studio Version 17
VisualStudioVersion = 17.7.34031.279
MinimumVisualStudioVersion = 10.0.40219.1
Project("{FAE04EC0-301F-11D3-BF4B-00C04F79EFBC}") = "wpf-layouts", "wpf-layouts\wpf-layouts.csproj", "{A79B605A-54FD-4D5A-BED3-D72994B700EA}"
EndProject
Global
	GlobalSection(SolutionConfigurationPlatforms) = preSolution
		Debug|Any CPU = Debug|Any CPU
		Release|Any CPU = Release|Any CPU
	EndGlobalSection
	GlobalSection(ProjectConfigurationPlatforms) = postSolution
		{A79B605A-54FD-4D5A-BED3-D72994B700EA}.Debug|Any CPU.ActiveCfg = Debug|Any CPU
		{A79B605A-54FD-4D5A-BED3-D72994B700EA}.Debug|Any CPU.Build.0 = Debug|Any CPU
		{A79B605A-54FD-4D5A-BED3-D72994B700EA}.Release|Any CPU.ActiveCfg = Release|Any CPU
		{A79B605A-54FD-4D5A-BED3-D72994B700EA}.Release|Any CPU.Build.0 = Release|Any CPU
	EndGlobalSection
	GlobalSection(SolutionProperties) = preSolution
		HideSolutionNode = FALSE
	EndGlobalSection
	GlobalSection(ExtensibilityGlobals) = postSolution
		SolutionGuid = {3B47795F-1126-4CBF-A80B-C7CF38FBB46A}
	EndGlobalSection
EndGlobal
