
Microsoft Visual Studio Solution File, Format Version 12.00
# Visual Studio Version 17
VisualStudioVersion = 17.7.34031.279
MinimumVisualStudioVersion = 10.0.40219.1
Project("{FAE04EC0-301F-11D3-BF4B-00C04F79EFBC}") = "DataBinding", "DataBinding\DataBinding.csproj", "{554D28ED-A70E-4B59-AF35-02FD0155A4A0}"
EndProject
Global
	GlobalSection(SolutionConfigurationPlatforms) = preSolution
		Debug|Any CPU = Debug|Any CPU
		Release|Any CPU = Release|Any CPU
	EndGlobalSection
	GlobalSection(ProjectConfigurationPlatforms) = postSolution
		{554D28ED-A70E-4B59-AF35-02FD0155A4A0}.Debug|Any CPU.ActiveCfg = Debug|Any CPU
		{554D28ED-A70E-4B59-AF35-02FD0155A4A0}.Debug|Any CPU.Build.0 = Debug|Any CPU
		{554D28ED-A70E-4B59-AF35-02FD0155A4A0}.Release|Any CPU.ActiveCfg = Release|Any CPU
		{554D28ED-A70E-4B59-AF35-02FD0155A4A0}.Release|Any CPU.Build.0 = Release|Any CPU
	EndGlobalSection
	GlobalSection(SolutionProperties) = preSolution
		HideSolutionNode = FALSE
	EndGlobalSection
	GlobalSection(ExtensibilityGlobals) = postSolution
		SolutionGuid = {33EBE1F9-DB47-425A-8F66-C10DF98D4D77}
	EndGlobalSection
EndGlobal
